
Microsoft Visual Studio Solution File, Format Version 12.00
# Visual Studio Version 16
VisualStudioVersion = 16.0.30114.105
MinimumVisualStudioVersion = 10.0.40219.1
Project("{2150E333-8FDC-42A3-9474-1A3956D46DE8}") = "GreetFunction1", "GreetFunction1", "{1493DE0C-E975-44F6-874E-83C27EAE920E}"
EndProject
Project("{FAE04EC0-301F-11D3-BF4B-00C04F79EFBC}") = "GreetFunction.Test", "GreetFunction1\GreetFunction.Test\GreetFunction.Test.csproj", "{6039D676-712B-4019-82FF-EF9C34AFDD52}"
EndProject
Global
	GlobalSection(SolutionConfigurationPlatforms) = preSolution
		Debug|Any CPU = Debug|Any CPU
		Release|Any CPU = Release|Any CPU
	EndGlobalSection
	GlobalSection(SolutionProperties) = preSolution
		HideSolutionNode = FALSE
	EndGlobalSection
	GlobalSection(ProjectConfigurationPlatforms) = postSolution
		{6039D676-712B-4019-82FF-EF9C34AFDD52}.Debug|Any CPU.ActiveCfg = Debug|Any CPU
		{6039D676-712B-4019-82FF-EF9C34AFDD52}.Debug|Any CPU.Build.0 = Debug|Any CPU
		{6039D676-712B-4019-82FF-EF9C34AFDD52}.Release|Any CPU.ActiveCfg = Release|Any CPU
		{6039D676-712B-4019-82FF-EF9C34AFDD52}.Release|Any CPU.Build.0 = Release|Any CPU
	EndGlobalSection
	GlobalSection(NestedProjects) = preSolution
		{6039D676-712B-4019-82FF-EF9C34AFDD52} = {1493DE0C-E975-44F6-874E-83C27EAE920E}
	EndGlobalSection
EndGlobal
